
Microsoft Visual Studio Solution File, Format Version 12.00
# Visual Studio Version 17
VisualStudioVersion = 17.0.31423.177
MinimumVisualStudioVersion = 15.0.26124.0
Project("{2150E333-8FDC-42A3-9474-1A3956D46DE8}") = "Solution Items", "Solution Items", "{A70D03B5-17BC-4017-9053-15715998735E}"
	ProjectSection(SolutionItems) = preProject
		.editorconfig = .editorconfig
		.github\workflows\benchmarks.yml = .github\workflows\benchmarks.yml
		.github\workflows\ci.yml = .github\workflows\ci.yml
		Directory.Build.props = Directory.Build.props
		LICENSE = LICENSE
		Makefile = Makefile
		.github\workflows\on_release.yml = .github\workflows\on_release.yml
		.github\workflows\perft.yml = .github\workflows\perft.yml
		.github\workflows\release.yml = .github\workflows\release.yml
	EndProjectSection
EndProject
Project("{9A19103F-16F7-4668-BE54-9A1E7A4F7556}") = "Lynx", "src\Lynx\Lynx.csproj", "{49B1405C-D78E-4026-AE2C-5398CE9E3754}"
EndProject
Project("{9A19103F-16F7-4668-BE54-9A1E7A4F7556}") = "Lynx.Benchmark", "src\Lynx.Benchmark\Lynx.Benchmark.csproj", "{4288CBA1-156C-435D-845F-4D60A20B10A4}"
EndProject
Project("{9A19103F-16F7-4668-BE54-9A1E7A4F7556}") = "Lynx.Dev", "src\Lynx.Dev\Lynx.Dev.csproj", "{25C9C733-F43B-4E8D-BD89-FC0D9CDFED36}"
EndProject
Project("{9A19103F-16F7-4668-BE54-9A1E7A4F7556}") = "Lynx.Cli", "src\Lynx.Cli\Lynx.Cli.csproj", "{465383BC-C4CB-478B-A5D1-3C9C1E425534}"
EndProject
Project("{2150E333-8FDC-42A3-9474-1A3956D46DE8}") = "dev_test", "dev_test", "{D656F9EF-DEF3-42C9-BB12-09961D43B844}"
EndProject
Project("{9A19103F-16F7-4668-BE54-9A1E7A4F7556}") = "Lynx.Test", "tests\Lynx.Test\Lynx.Test.csproj", "{A8D2A6F0-BDE8-4562-8B94-4638D1ABE359}"
EndProject
Global
	GlobalSection(SolutionConfigurationPlatforms) = preSolution
		Debug|Any CPU = Debug|Any CPU
		Release|Any CPU = Release|Any CPU
	EndGlobalSection
	GlobalSection(ProjectConfigurationPlatforms) = postSolution
		{49B1405C-D78E-4026-AE2C-5398CE9E3754}.Debug|Any CPU.ActiveCfg = Debug|Any CPU
		{49B1405C-D78E-4026-AE2C-5398CE9E3754}.Debug|Any CPU.Build.0 = Debug|Any CPU
		{49B1405C-D78E-4026-AE2C-5398CE9E3754}.Release|Any CPU.ActiveCfg = Release|Any CPU
		{49B1405C-D78E-4026-AE2C-5398CE9E3754}.Release|Any CPU.Build.0 = Release|Any CPU
		{4288CBA1-156C-435D-845F-4D60A20B10A4}.Debug|Any CPU.ActiveCfg = Debug|Any CPU
		{4288CBA1-156C-435D-845F-4D60A20B10A4}.Debug|Any CPU.Build.0 = Debug|Any CPU
		{4288CBA1-156C-435D-845F-4D60A20B10A4}.Release|Any CPU.ActiveCfg = Release|Any CPU
		{4288CBA1-156C-435D-845F-4D60A20B10A4}.Release|Any CPU.Build.0 = Release|Any CPU
		{25C9C733-F43B-4E8D-BD89-FC0D9CDFED36}.Debug|Any CPU.ActiveCfg = Debug|Any CPU
		{25C9C733-F43B-4E8D-BD89-FC0D9CDFED36}.Debug|Any CPU.Build.0 = Debug|Any CPU
		{25C9C733-F43B-4E8D-BD89-FC0D9CDFED36}.Release|Any CPU.ActiveCfg = Release|Any CPU
		{25C9C733-F43B-4E8D-BD89-FC0D9CDFED36}.Release|Any CPU.Build.0 = Release|Any CPU
		{465383BC-C4CB-478B-A5D1-3C9C1E425534}.Debug|Any CPU.ActiveCfg = Debug|Any CPU
		{465383BC-C4CB-478B-A5D1-3C9C1E425534}.Debug|Any CPU.Build.0 = Debug|Any CPU
		{465383BC-C4CB-478B-A5D1-3C9C1E425534}.Release|Any CPU.ActiveCfg = Release|Any CPU
		{465383BC-C4CB-478B-A5D1-3C9C1E425534}.Release|Any CPU.Build.0 = Release|Any CPU
		{A8D2A6F0-BDE8-4562-8B94-4638D1ABE359}.Debug|Any CPU.ActiveCfg = Debug|Any CPU
		{A8D2A6F0-BDE8-4562-8B94-4638D1ABE359}.Debug|Any CPU.Build.0 = Debug|Any CPU
		{A8D2A6F0-BDE8-4562-8B94-4638D1ABE359}.Release|Any CPU.ActiveCfg = Release|Any CPU
		{A8D2A6F0-BDE8-4562-8B94-4638D1ABE359}.Release|Any CPU.Build.0 = Release|Any CPU
	EndGlobalSection
	GlobalSection(SolutionProperties) = preSolution
		HideSolutionNode = FALSE
	EndGlobalSection
	GlobalSection(NestedProjects) = preSolution
		{4288CBA1-156C-435D-845F-4D60A20B10A4} = {D656F9EF-DEF3-42C9-BB12-09961D43B844}
		{25C9C733-F43B-4E8D-BD89-FC0D9CDFED36} = {D656F9EF-DEF3-42C9-BB12-09961D43B844}
		{A8D2A6F0-BDE8-4562-8B94-4638D1ABE359} = {D656F9EF-DEF3-42C9-BB12-09961D43B844}
	EndGlobalSection
	GlobalSection(ExtensibilityGlobals) = postSolution
		SolutionGuid = {44D1B1AC-75A9-4AB8-9FF9-A4A182D84F0F}
	EndGlobalSection
EndGlobal
